
Microsoft Visual Studio Solution File, Format Version 12.00
Project("{FAE04EC0-301F-11D3-BF4B-00C04F79EFBC}") = "Lab3B", "Lab3B\Lab3B.csproj", "{15ABCF2A-EFBD-4DEB-9FF6-88931B2E2755}"
EndProject
Global
	GlobalSection(SolutionConfigurationPlatforms) = preSolution
		Debug|Any CPU = Debug|Any CPU
		Release|Any CPU = Release|Any CPU
	EndGlobalSection
	GlobalSection(ProjectConfigurationPlatforms) = postSolution
		{15ABCF2A-EFBD-4DEB-9FF6-88931B2E2755}.Debug|Any CPU.ActiveCfg = Debug|Any CPU
		{15ABCF2A-EFBD-4DEB-9FF6-88931B2E2755}.Debug|Any CPU.Build.0 = Debug|Any CPU
		{15ABCF2A-EFBD-4DEB-9FF6-88931B2E2755}.Release|Any CPU.ActiveCfg = Release|Any CPU
		{15ABCF2A-EFBD-4DEB-9FF6-88931B2E2755}.Release|Any CPU.Build.0 = Release|Any CPU
	EndGlobalSection
EndGlobal
